
Microsoft Visual Studio Solution File, Format Version 12.00
# Visual Studio Version 16
VisualStudioVersion = 16.0.29926.136
MinimumVisualStudioVersion = 10.0.40219.1
Project("{FAE04EC0-301F-11D3-BF4B-00C04F79EFBC}") = "cw5", "cw5\cw5.csproj", "{FE04EEA4-E93C-4D06-940C-80953C674079}"
EndProject
Global
	GlobalSection(SolutionConfigurationPlatforms) = preSolution
		Debug|Any CPU = Debug|Any CPU
		Release|Any CPU = Release|Any CPU
	EndGlobalSection
	GlobalSection(ProjectConfigurationPlatforms) = postSolution
		{FE04EEA4-E93C-4D06-940C-80953C674079}.Debug|Any CPU.ActiveCfg = Debug|Any CPU
		{FE04EEA4-E93C-4D06-940C-80953C674079}.Debug|Any CPU.Build.0 = Debug|Any CPU
		{FE04EEA4-E93C-4D06-940C-80953C674079}.Release|Any CPU.ActiveCfg = Release|Any CPU
		{FE04EEA4-E93C-4D06-940C-80953C674079}.Release|Any CPU.Build.0 = Release|Any CPU
	EndGlobalSection
	GlobalSection(SolutionProperties) = preSolution
		HideSolutionNode = FALSE
	EndGlobalSection
	GlobalSection(ExtensibilityGlobals) = postSolution
		SolutionGuid = {BC8FB8E5-9036-4B6E-B3A0-26D7EA87FC83}
	EndGlobalSection
EndGlobal
